
Microsoft Visual Studio Solution File, Format Version 12.00
# Visual Studio Version 17
VisualStudioVersion = 17.14.36203.30
MinimumVisualStudioVersion = 10.0.40219.1
Project("{FAE04EC0-301F-11D3-BF4B-00C04F79EFBC}") = "Primary", "Primary\Primary.csproj", "{F9BBAA93-ED09-493B-91E5-AA8DE807267B}"
EndProject
Project("{FAE04EC0-301F-11D3-BF4B-00C04F79EFBC}") = "Runtime", "Runtime\Runtime.csproj", "{F07871A8-A87F-463A-83C5-9A46A6B2031F}"
EndProject
Project("{FAE04EC0-301F-11D3-BF4B-00C04F79EFBC}") = "Primary.RHI", "Primary.RHI\Primary.RHI.csproj", "{5E80628A-AF89-4884-A16E-5521C70A13C9}"
EndProject
Project("{2150E333-8FDC-42A3-9474-1A3956D46DE8}") = "Engine", "Engine", "{02EA681E-C7D8-13C7-8484-4AC65E1B71E8}"
EndProject
Project("{2150E333-8FDC-42A3-9474-1A3956D46DE8}") = "Editor", "Editor", "{9290F94F-B0DB-4EE2-BCED-7E32E6D2740A}"
EndProject
Project("{FAE04EC0-301F-11D3-BF4B-00C04F79EFBC}") = "Editor.Processors", "Editor.Processors\Editor.Processors.csproj", "{B6D0913B-F820-4931-A57B-32743DBFF155}"
EndProject
Project("{FAE04EC0-301F-11D3-BF4B-00C04F79EFBC}") = "Editor.Interop", "Editor.Interop\Editor.Interop.csproj", "{B09C69CA-E5FA-48C7-BEC6-AE0ED906404A}"
	ProjectSection(ProjectDependencies) = postProject
		{656E6C57-B883-4A4A-B11A-A62BA4A1965B} = {656E6C57-B883-4A4A-B11A-A62BA4A1965B}
	EndProjectSection
EndProject
Project("{FAE04EC0-301F-11D3-BF4B-00C04F79EFBC}") = "Editor", "Editor\Editor.csproj", "{D9553348-8777-4FED-BA94-554F89787A22}"
EndProject
Project("{2150E333-8FDC-42A3-9474-1A3956D46DE8}") = "Native", "Native", "{572F9968-335F-4076-BFA5-6AD981F19D54}"
EndProject
Project("{8BC9CEB8-8B4A-11D0-8D11-00A0C91BC942}") = "EditorInterop", "Native\EditorInterop\EditorInterop.vcxproj", "{656E6C57-B883-4A4A-B11A-A62BA4A1965B}"
EndProject
Project("{FAE04EC0-301F-11D3-BF4B-00C04F79EFBC}") = "Primary.Common", "Primary.Common\Primary.Common.csproj", "{2C84F31E-200D-428C-864A-F1E334B0F819}"
EndProject
Project("{FAE04EC0-301F-11D3-BF4B-00C04F79EFBC}") = "Primary.RHI.Direct3D12", "Primary.RHI.Direct3D12\Primary.RHI.Direct3D12.csproj", "{9064F627-FD3C-4581-9E5D-5D05C223573D}"
EndProject
Project("{FAE04EC0-301F-11D3-BF4B-00C04F79EFBC}") = "Primary.Interop", "Primary.Interop\Primary.Interop.csproj", "{059CE364-99A7-49F5-9628-17D99FEEA34B}"
EndProject
Project("{2150E333-8FDC-42A3-9474-1A3956D46DE8}") = "SourceGenerators", "SourceGenerators", "{9CB9E828-6EEA-4177-AA11-88B60AE15630}"
EndProject
Project("{FAE04EC0-301F-11D3-BF4B-00C04F79EFBC}") = "Primary.SourceGenerator", "Primary.SourceGenerator\Primary.SourceGenerator.csproj", "{604884CF-6075-424A-963D-529A8F99DE5E}"
EndProject
Project("{FAE04EC0-301F-11D3-BF4B-00C04F79EFBC}") = "Editor.Gui", "Editor.Gui\Editor.Gui.csproj", "{150F19D7-6613-45F6-B6C8-DD6B437A8B06}"
EndProject
Project("{2150E333-8FDC-42A3-9474-1A3956D46DE8}") = "Solution Items", "Solution Items", "{A66EFC1D-44BC-4ADB-BEAA-620D328D58B7}"
	ProjectSection(SolutionItems) = preProject
		.editorconfig = .editorconfig
	EndProjectSection
EndProject
Project("{FAE04EC0-301F-11D3-BF4B-00C04F79EFBC}") = "Editor.Geometry", "Editor.Geometry\Editor.Geometry.csproj", "{B3426C1E-8ECD-46B2-A77F-58E8FB59D39C}"
EndProject
Project("{2150E333-8FDC-42A3-9474-1A3956D46DE8}") = "Extra", "Extra", "{EE3D4E29-B9A4-4A2A-91DD-A77878A3D28B}"
EndProject
Project("{FAE04EC0-301F-11D3-BF4B-00C04F79EFBC}") = "ExtraFramework", "ExtraFramework\ExtraFramework.csproj", "{66732751-673C-4D18-BA1B-D0060C4AA41F}"
EndProject
Project("{2150E333-8FDC-42A3-9474-1A3956D46DE8}") = "Interop", "Interop", "{C5724CE0-D4B9-4DE3-B6CB-04EBFBFAA7C5}"
EndProject
Project("{FAE04EC0-301F-11D3-BF4B-00C04F79EFBC}") = "Interop.D3D12MemAlloc", "Interop.D3D12MemAlloc\Interop.D3D12MemAlloc.csproj", "{DB62F88C-B897-424A-9328-A362F1F8F49D}"
EndProject
Project("{FAE04EC0-301F-11D3-BF4B-00C04F79EFBC}") = "Primary.Rendering2", "Primary.Rendering2\Primary.Rendering2.csproj", "{DDF51677-9E81-4A39-A618-E38206196E4E}"
EndProject
Project("{FAE04EC0-301F-11D3-BF4B-00C04F79EFBC}") = "Primary.R2.ForwardPlus", "Primary.R2.ForwardPlus\Primary.R2.ForwardPlus.csproj", "{71839559-218F-4B74-9CAD-6A30E17DE489}"
EndProject
Global
	GlobalSection(SolutionConfigurationPlatforms) = preSolution
		Debug|Any CPU = Debug|Any CPU
		Debug|x64 = Debug|x64
		Debug|x86 = Debug|x86
		Release|Any CPU = Release|Any CPU
		Release|x64 = Release|x64
		Release|x86 = Release|x86
		ReleaseWithDebug|Any CPU = ReleaseWithDebug|Any CPU
		ReleaseWithDebug|x64 = ReleaseWithDebug|x64
		ReleaseWithDebug|x86 = ReleaseWithDebug|x86
	EndGlobalSection
	GlobalSection(ProjectConfigurationPlatforms) = postSolution
		{F9BBAA93-ED09-493B-91E5-AA8DE807267B}.Debug|Any CPU.ActiveCfg = Debug|Any CPU
		{F9BBAA93-ED09-493B-91E5-AA8DE807267B}.Debug|Any CPU.Build.0 = Debug|Any CPU
		{F9BBAA93-ED09-493B-91E5-AA8DE807267B}.Debug|x64.ActiveCfg = Debug|Any CPU
		{F9BBAA93-ED09-493B-91E5-AA8DE807267B}.Debug|x64.Build.0 = Debug|Any CPU
		{F9BBAA93-ED09-493B-91E5-AA8DE807267B}.Debug|x86.ActiveCfg = Debug|Any CPU
		{F9BBAA93-ED09-493B-91E5-AA8DE807267B}.Debug|x86.Build.0 = Debug|Any CPU
		{F9BBAA93-ED09-493B-91E5-AA8DE807267B}.Release|Any CPU.ActiveCfg = Release|Any CPU
		{F9BBAA93-ED09-493B-91E5-AA8DE807267B}.Release|Any CPU.Build.0 = Release|Any CPU
		{F9BBAA93-ED09-493B-91E5-AA8DE807267B}.Release|x64.ActiveCfg = Release|Any CPU
		{F9BBAA93-ED09-493B-91E5-AA8DE807267B}.Release|x64.Build.0 = Release|Any CPU
		{F9BBAA93-ED09-493B-91E5-AA8DE807267B}.Release|x86.ActiveCfg = Release|Any CPU
		{F9BBAA93-ED09-493B-91E5-AA8DE807267B}.Release|x86.Build.0 = Release|Any CPU
		{F9BBAA93-ED09-493B-91E5-AA8DE807267B}.ReleaseWithDebug|Any CPU.ActiveCfg = ReleaseWithDebug|Any CPU
		{F9BBAA93-ED09-493B-91E5-AA8DE807267B}.ReleaseWithDebug|Any CPU.Build.0 = ReleaseWithDebug|Any CPU
		{F9BBAA93-ED09-493B-91E5-AA8DE807267B}.ReleaseWithDebug|x64.ActiveCfg = ReleaseWithDebug|Any CPU
		{F9BBAA93-ED09-493B-91E5-AA8DE807267B}.ReleaseWithDebug|x64.Build.0 = ReleaseWithDebug|Any CPU
		{F9BBAA93-ED09-493B-91E5-AA8DE807267B}.ReleaseWithDebug|x86.ActiveCfg = ReleaseWithDebug|Any CPU
		{F9BBAA93-ED09-493B-91E5-AA8DE807267B}.ReleaseWithDebug|x86.Build.0 = ReleaseWithDebug|Any CPU
		{F07871A8-A87F-463A-83C5-9A46A6B2031F}.Debug|Any CPU.ActiveCfg = Debug|Any CPU
		{F07871A8-A87F-463A-83C5-9A46A6B2031F}.Debug|Any CPU.Build.0 = Debug|Any CPU
		{F07871A8-A87F-463A-83C5-9A46A6B2031F}.Debug|x64.ActiveCfg = Debug|Any CPU
		{F07871A8-A87F-463A-83C5-9A46A6B2031F}.Debug|x64.Build.0 = Debug|Any CPU
		{F07871A8-A87F-463A-83C5-9A46A6B2031F}.Debug|x86.ActiveCfg = Debug|Any CPU
		{F07871A8-A87F-463A-83C5-9A46A6B2031F}.Debug|x86.Build.0 = Debug|Any CPU
		{F07871A8-A87F-463A-83C5-9A46A6B2031F}.Release|Any CPU.ActiveCfg = Release|Any CPU
		{F07871A8-A87F-463A-83C5-9A46A6B2031F}.Release|Any CPU.Build.0 = Release|Any CPU
		{F07871A8-A87F-463A-83C5-9A46A6B2031F}.Release|x64.ActiveCfg = Release|Any CPU
		{F07871A8-A87F-463A-83C5-9A46A6B2031F}.Release|x64.Build.0 = Release|Any CPU
		{F07871A8-A87F-463A-83C5-9A46A6B2031F}.Release|x86.ActiveCfg = Release|Any CPU
		{F07871A8-A87F-463A-83C5-9A46A6B2031F}.Release|x86.Build.0 = Release|Any CPU
		{F07871A8-A87F-463A-83C5-9A46A6B2031F}.ReleaseWithDebug|Any CPU.ActiveCfg = ReleaseWithDebug|Any CPU
		{F07871A8-A87F-463A-83C5-9A46A6B2031F}.ReleaseWithDebug|Any CPU.Build.0 = ReleaseWithDebug|Any CPU
		{F07871A8-A87F-463A-83C5-9A46A6B2031F}.ReleaseWithDebug|x64.ActiveCfg = ReleaseWithDebug|Any CPU
		{F07871A8-A87F-463A-83C5-9A46A6B2031F}.ReleaseWithDebug|x64.Build.0 = ReleaseWithDebug|Any CPU
		{F07871A8-A87F-463A-83C5-9A46A6B2031F}.ReleaseWithDebug|x86.ActiveCfg = ReleaseWithDebug|Any CPU
		{F07871A8-A87F-463A-83C5-9A46A6B2031F}.ReleaseWithDebug|x86.Build.0 = ReleaseWithDebug|Any CPU
		{5E80628A-AF89-4884-A16E-5521C70A13C9}.Debug|Any CPU.ActiveCfg = Debug|Any CPU
		{5E80628A-AF89-4884-A16E-5521C70A13C9}.Debug|Any CPU.Build.0 = Debug|Any CPU
		{5E80628A-AF89-4884-A16E-5521C70A13C9}.Debug|x64.ActiveCfg = Debug|Any CPU
		{5E80628A-AF89-4884-A16E-5521C70A13C9}.Debug|x64.Build.0 = Debug|Any CPU
		{5E80628A-AF89-4884-A16E-5521C70A13C9}.Debug|x86.ActiveCfg = Debug|Any CPU
		{5E80628A-AF89-4884-A16E-5521C70A13C9}.Debug|x86.Build.0 = Debug|Any CPU
		{5E80628A-AF89-4884-A16E-5521C70A13C9}.Release|Any CPU.ActiveCfg = Release|Any CPU
		{5E80628A-AF89-4884-A16E-5521C70A13C9}.Release|Any CPU.Build.0 = Release|Any CPU
		{5E80628A-AF89-4884-A16E-5521C70A13C9}.Release|x64.ActiveCfg = Release|Any CPU
		{5E80628A-AF89-4884-A16E-5521C70A13C9}.Release|x64.Build.0 = Release|Any CPU
		{5E80628A-AF89-4884-A16E-5521C70A13C9}.Release|x86.ActiveCfg = Release|Any CPU
		{5E80628A-AF89-4884-A16E-5521C70A13C9}.Release|x86.Build.0 = Release|Any CPU
		{5E80628A-AF89-4884-A16E-5521C70A13C9}.ReleaseWithDebug|Any CPU.ActiveCfg = ReleaseWithDebug|Any CPU
		{5E80628A-AF89-4884-A16E-5521C70A13C9}.ReleaseWithDebug|Any CPU.Build.0 = ReleaseWithDebug|Any CPU
		{5E80628A-AF89-4884-A16E-5521C70A13C9}.ReleaseWithDebug|x64.ActiveCfg = ReleaseWithDebug|Any CPU
		{5E80628A-AF89-4884-A16E-5521C70A13C9}.ReleaseWithDebug|x64.Build.0 = ReleaseWithDebug|Any CPU
		{5E80628A-AF89-4884-A16E-5521C70A13C9}.ReleaseWithDebug|x86.ActiveCfg = ReleaseWithDebug|Any CPU
		{5E80628A-AF89-4884-A16E-5521C70A13C9}.ReleaseWithDebug|x86.Build.0 = ReleaseWithDebug|Any CPU
		{B6D0913B-F820-4931-A57B-32743DBFF155}.Debug|Any CPU.ActiveCfg = Debug|Any CPU
		{B6D0913B-F820-4931-A57B-32743DBFF155}.Debug|Any CPU.Build.0 = Debug|Any CPU
		{B6D0913B-F820-4931-A57B-32743DBFF155}.Debug|x64.ActiveCfg = Debug|Any CPU
		{B6D0913B-F820-4931-A57B-32743DBFF155}.Debug|x64.Build.0 = Debug|Any CPU
		{B6D0913B-F820-4931-A57B-32743DBFF155}.Debug|x86.ActiveCfg = Debug|Any CPU
		{B6D0913B-F820-4931-A57B-32743DBFF155}.Debug|x86.Build.0 = Debug|Any CPU
		{B6D0913B-F820-4931-A57B-32743DBFF155}.Release|Any CPU.ActiveCfg = Release|Any CPU
		{B6D0913B-F820-4931-A57B-32743DBFF155}.Release|Any CPU.Build.0 = Release|Any CPU
		{B6D0913B-F820-4931-A57B-32743DBFF155}.Release|x64.ActiveCfg = Release|Any CPU
		{B6D0913B-F820-4931-A57B-32743DBFF155}.Release|x64.Build.0 = Release|Any CPU
		{B6D0913B-F820-4931-A57B-32743DBFF155}.Release|x86.ActiveCfg = Release|Any CPU
		{B6D0913B-F820-4931-A57B-32743DBFF155}.Release|x86.Build.0 = Release|Any CPU
		{B6D0913B-F820-4931-A57B-32743DBFF155}.ReleaseWithDebug|Any CPU.ActiveCfg = ReleaseWithDebug|Any CPU
		{B6D0913B-F820-4931-A57B-32743DBFF155}.ReleaseWithDebug|Any CPU.Build.0 = ReleaseWithDebug|Any CPU
		{B6D0913B-F820-4931-A57B-32743DBFF155}.ReleaseWithDebug|x64.ActiveCfg = ReleaseWithDebug|Any CPU
		{B6D0913B-F820-4931-A57B-32743DBFF155}.ReleaseWithDebug|x64.Build.0 = ReleaseWithDebug|Any CPU
		{B6D0913B-F820-4931-A57B-32743DBFF155}.ReleaseWithDebug|x86.ActiveCfg = ReleaseWithDebug|Any CPU
		{B6D0913B-F820-4931-A57B-32743DBFF155}.ReleaseWithDebug|x86.Build.0 = ReleaseWithDebug|Any CPU
		{B09C69CA-E5FA-48C7-BEC6-AE0ED906404A}.Debug|Any CPU.ActiveCfg = Debug|Any CPU
		{B09C69CA-E5FA-48C7-BEC6-AE0ED906404A}.Debug|Any CPU.Build.0 = Debug|Any CPU
		{B09C69CA-E5FA-48C7-BEC6-AE0ED906404A}.Debug|x64.ActiveCfg = Debug|Any CPU
		{B09C69CA-E5FA-48C7-BEC6-AE0ED906404A}.Debug|x64.Build.0 = Debug|Any CPU
		{B09C69CA-E5FA-48C7-BEC6-AE0ED906404A}.Debug|x86.ActiveCfg = Debug|Any CPU
		{B09C69CA-E5FA-48C7-BEC6-AE0ED906404A}.Debug|x86.Build.0 = Debug|Any CPU
		{B09C69CA-E5FA-48C7-BEC6-AE0ED906404A}.Release|Any CPU.ActiveCfg = Release|Any CPU
		{B09C69CA-E5FA-48C7-BEC6-AE0ED906404A}.Release|Any CPU.Build.0 = Release|Any CPU
		{B09C69CA-E5FA-48C7-BEC6-AE0ED906404A}.Release|x64.ActiveCfg = Release|Any CPU
		{B09C69CA-E5FA-48C7-BEC6-AE0ED906404A}.Release|x64.Build.0 = Release|Any CPU
		{B09C69CA-E5FA-48C7-BEC6-AE0ED906404A}.Release|x86.ActiveCfg = Release|Any CPU
		{B09C69CA-E5FA-48C7-BEC6-AE0ED906404A}.Release|x86.Build.0 = Release|Any CPU
		{B09C69CA-E5FA-48C7-BEC6-AE0ED906404A}.ReleaseWithDebug|Any CPU.ActiveCfg = ReleaseWithDebug|Any CPU
		{B09C69CA-E5FA-48C7-BEC6-AE0ED906404A}.ReleaseWithDebug|Any CPU.Build.0 = ReleaseWithDebug|Any CPU
		{B09C69CA-E5FA-48C7-BEC6-AE0ED906404A}.ReleaseWithDebug|x64.ActiveCfg = ReleaseWithDebug|Any CPU
		{B09C69CA-E5FA-48C7-BEC6-AE0ED906404A}.ReleaseWithDebug|x64.Build.0 = ReleaseWithDebug|Any CPU
		{B09C69CA-E5FA-48C7-BEC6-AE0ED906404A}.ReleaseWithDebug|x86.ActiveCfg = ReleaseWithDebug|Any CPU
		{B09C69CA-E5FA-48C7-BEC6-AE0ED906404A}.ReleaseWithDebug|x86.Build.0 = ReleaseWithDebug|Any CPU
		{D9553348-8777-4FED-BA94-554F89787A22}.Debug|Any CPU.ActiveCfg = Debug|Any CPU
		{D9553348-8777-4FED-BA94-554F89787A22}.Debug|Any CPU.Build.0 = Debug|Any CPU
		{D9553348-8777-4FED-BA94-554F89787A22}.Debug|x64.ActiveCfg = Debug|Any CPU
		{D9553348-8777-4FED-BA94-554F89787A22}.Debug|x64.Build.0 = Debug|Any CPU
		{D9553348-8777-4FED-BA94-554F89787A22}.Debug|x86.ActiveCfg = Debug|Any CPU
		{D9553348-8777-4FED-BA94-554F89787A22}.Debug|x86.Build.0 = Debug|Any CPU
		{D9553348-8777-4FED-BA94-554F89787A22}.Release|Any CPU.ActiveCfg = Release|Any CPU
		{D9553348-8777-4FED-BA94-554F89787A22}.Release|Any CPU.Build.0 = Release|Any CPU
		{D9553348-8777-4FED-BA94-554F89787A22}.Release|x64.ActiveCfg = Release|Any CPU
		{D9553348-8777-4FED-BA94-554F89787A22}.Release|x64.Build.0 = Release|Any CPU
		{D9553348-8777-4FED-BA94-554F89787A22}.Release|x86.ActiveCfg = Release|Any CPU
		{D9553348-8777-4FED-BA94-554F89787A22}.Release|x86.Build.0 = Release|Any CPU
		{D9553348-8777-4FED-BA94-554F89787A22}.ReleaseWithDebug|Any CPU.ActiveCfg = ReleaseWithDebug|Any CPU
		{D9553348-8777-4FED-BA94-554F89787A22}.ReleaseWithDebug|Any CPU.Build.0 = ReleaseWithDebug|Any CPU
		{D9553348-8777-4FED-BA94-554F89787A22}.ReleaseWithDebug|x64.ActiveCfg = ReleaseWithDebug|Any CPU
		{D9553348-8777-4FED-BA94-554F89787A22}.ReleaseWithDebug|x64.Build.0 = ReleaseWithDebug|Any CPU
		{D9553348-8777-4FED-BA94-554F89787A22}.ReleaseWithDebug|x86.ActiveCfg = ReleaseWithDebug|Any CPU
		{D9553348-8777-4FED-BA94-554F89787A22}.ReleaseWithDebug|x86.Build.0 = ReleaseWithDebug|Any CPU
		{656E6C57-B883-4A4A-B11A-A62BA4A1965B}.Debug|Any CPU.ActiveCfg = Debug|x64
		{656E6C57-B883-4A4A-B11A-A62BA4A1965B}.Debug|Any CPU.Build.0 = Debug|x64
		{656E6C57-B883-4A4A-B11A-A62BA4A1965B}.Debug|x64.ActiveCfg = Debug|x64
		{656E6C57-B883-4A4A-B11A-A62BA4A1965B}.Debug|x64.Build.0 = Debug|x64
		{656E6C57-B883-4A4A-B11A-A62BA4A1965B}.Debug|x86.ActiveCfg = Debug|Win32
		{656E6C57-B883-4A4A-B11A-A62BA4A1965B}.Debug|x86.Build.0 = Debug|Win32
		{656E6C57-B883-4A4A-B11A-A62BA4A1965B}.Release|Any CPU.ActiveCfg = Release|x64
		{656E6C57-B883-4A4A-B11A-A62BA4A1965B}.Release|Any CPU.Build.0 = Release|x64
		{656E6C57-B883-4A4A-B11A-A62BA4A1965B}.Release|x64.ActiveCfg = Release|x64
		{656E6C57-B883-4A4A-B11A-A62BA4A1965B}.Release|x64.Build.0 = Release|x64
		{656E6C57-B883-4A4A-B11A-A62BA4A1965B}.Release|x86.ActiveCfg = Release|Win32
		{656E6C57-B883-4A4A-B11A-A62BA4A1965B}.Release|x86.Build.0 = Release|Win32
		{656E6C57-B883-4A4A-B11A-A62BA4A1965B}.ReleaseWithDebug|Any CPU.ActiveCfg = ReleaseWithDebug|x64
		{656E6C57-B883-4A4A-B11A-A62BA4A1965B}.ReleaseWithDebug|Any CPU.Build.0 = ReleaseWithDebug|x64
		{656E6C57-B883-4A4A-B11A-A62BA4A1965B}.ReleaseWithDebug|x64.ActiveCfg = ReleaseWithDebug|x64
		{656E6C57-B883-4A4A-B11A-A62BA4A1965B}.ReleaseWithDebug|x64.Build.0 = ReleaseWithDebug|x64
		{656E6C57-B883-4A4A-B11A-A62BA4A1965B}.ReleaseWithDebug|x86.ActiveCfg = ReleaseWithDebug|Win32
		{656E6C57-B883-4A4A-B11A-A62BA4A1965B}.ReleaseWithDebug|x86.Build.0 = ReleaseWithDebug|Win32
		{2C84F31E-200D-428C-864A-F1E334B0F819}.Debug|Any CPU.ActiveCfg = Debug|Any CPU
		{2C84F31E-200D-428C-864A-F1E334B0F819}.Debug|Any CPU.Build.0 = Debug|Any CPU
		{2C84F31E-200D-428C-864A-F1E334B0F819}.Debug|x64.ActiveCfg = Debug|Any CPU
		{2C84F31E-200D-428C-864A-F1E334B0F819}.Debug|x64.Build.0 = Debug|Any CPU
		{2C84F31E-200D-428C-864A-F1E334B0F819}.Debug|x86.ActiveCfg = Debug|Any CPU
		{2C84F31E-200D-428C-864A-F1E334B0F819}.Debug|x86.Build.0 = Debug|Any CPU
		{2C84F31E-200D-428C-864A-F1E334B0F819}.Release|Any CPU.ActiveCfg = Release|Any CPU
		{2C84F31E-200D-428C-864A-F1E334B0F819}.Release|Any CPU.Build.0 = Release|Any CPU
		{2C84F31E-200D-428C-864A-F1E334B0F819}.Release|x64.ActiveCfg = Release|Any CPU
		{2C84F31E-200D-428C-864A-F1E334B0F819}.Release|x64.Build.0 = Release|Any CPU
		{2C84F31E-200D-428C-864A-F1E334B0F819}.Release|x86.ActiveCfg = Release|Any CPU
		{2C84F31E-200D-428C-864A-F1E334B0F819}.Release|x86.Build.0 = Release|Any CPU
		{2C84F31E-200D-428C-864A-F1E334B0F819}.ReleaseWithDebug|Any CPU.ActiveCfg = ReleaseWithDebug|Any CPU
		{2C84F31E-200D-428C-864A-F1E334B0F819}.ReleaseWithDebug|Any CPU.Build.0 = ReleaseWithDebug|Any CPU
		{2C84F31E-200D-428C-864A-F1E334B0F819}.ReleaseWithDebug|x64.ActiveCfg = ReleaseWithDebug|Any CPU
		{2C84F31E-200D-428C-864A-F1E334B0F819}.ReleaseWithDebug|x64.Build.0 = ReleaseWithDebug|Any CPU
		{2C84F31E-200D-428C-864A-F1E334B0F819}.ReleaseWithDebug|x86.ActiveCfg = ReleaseWithDebug|Any CPU
		{2C84F31E-200D-428C-864A-F1E334B0F819}.ReleaseWithDebug|x86.Build.0 = ReleaseWithDebug|Any CPU
		{9064F627-FD3C-4581-9E5D-5D05C223573D}.Debug|Any CPU.ActiveCfg = Debug|Any CPU
		{9064F627-FD3C-4581-9E5D-5D05C223573D}.Debug|Any CPU.Build.0 = Debug|Any CPU
		{9064F627-FD3C-4581-9E5D-5D05C223573D}.Debug|x64.ActiveCfg = Debug|Any CPU
		{9064F627-FD3C-4581-9E5D-5D05C223573D}.Debug|x64.Build.0 = Debug|Any CPU
		{9064F627-FD3C-4581-9E5D-5D05C223573D}.Debug|x86.ActiveCfg = Debug|Any CPU
		{9064F627-FD3C-4581-9E5D-5D05C223573D}.Debug|x86.Build.0 = Debug|Any CPU
		{9064F627-FD3C-4581-9E5D-5D05C223573D}.Release|Any CPU.ActiveCfg = Release|Any CPU
		{9064F627-FD3C-4581-9E5D-5D05C223573D}.Release|Any CPU.Build.0 = Release|Any CPU
		{9064F627-FD3C-4581-9E5D-5D05C223573D}.Release|x64.ActiveCfg = Release|Any CPU
		{9064F627-FD3C-4581-9E5D-5D05C223573D}.Release|x64.Build.0 = Release|Any CPU
		{9064F627-FD3C-4581-9E5D-5D05C223573D}.Release|x86.ActiveCfg = Release|Any CPU
		{9064F627-FD3C-4581-9E5D-5D05C223573D}.Release|x86.Build.0 = Release|Any CPU
		{9064F627-FD3C-4581-9E5D-5D05C223573D}.ReleaseWithDebug|Any CPU.ActiveCfg = ReleaseWithDebug|Any CPU
		{9064F627-FD3C-4581-9E5D-5D05C223573D}.ReleaseWithDebug|Any CPU.Build.0 = ReleaseWithDebug|Any CPU
		{9064F627-FD3C-4581-9E5D-5D05C223573D}.ReleaseWithDebug|x64.ActiveCfg = ReleaseWithDebug|Any CPU
		{9064F627-FD3C-4581-9E5D-5D05C223573D}.ReleaseWithDebug|x64.Build.0 = ReleaseWithDebug|Any CPU
		{9064F627-FD3C-4581-9E5D-5D05C223573D}.ReleaseWithDebug|x86.ActiveCfg = ReleaseWithDebug|Any CPU
		{9064F627-FD3C-4581-9E5D-5D05C223573D}.ReleaseWithDebug|x86.Build.0 = ReleaseWithDebug|Any CPU
		{059CE364-99A7-49F5-9628-17D99FEEA34B}.Debug|Any CPU.ActiveCfg = Debug|Any CPU
		{059CE364-99A7-49F5-9628-17D99FEEA34B}.Debug|Any CPU.Build.0 = Debug|Any CPU
		{059CE364-99A7-49F5-9628-17D99FEEA34B}.Debug|x64.ActiveCfg = Debug|Any CPU
		{059CE364-99A7-49F5-9628-17D99FEEA34B}.Debug|x64.Build.0 = Debug|Any CPU
		{059CE364-99A7-49F5-9628-17D99FEEA34B}.Debug|x86.ActiveCfg = Debug|Any CPU
		{059CE364-99A7-49F5-9628-17D99FEEA34B}.Debug|x86.Build.0 = Debug|Any CPU
		{059CE364-99A7-49F5-9628-17D99FEEA34B}.Release|Any CPU.ActiveCfg = Release|Any CPU
		{059CE364-99A7-49F5-9628-17D99FEEA34B}.Release|Any CPU.Build.0 = Release|Any CPU
		{059CE364-99A7-49F5-9628-17D99FEEA34B}.Release|x64.ActiveCfg = Release|Any CPU
		{059CE364-99A7-49F5-9628-17D99FEEA34B}.Release|x64.Build.0 = Release|Any CPU
		{059CE364-99A7-49F5-9628-17D99FEEA34B}.Release|x86.ActiveCfg = Release|Any CPU
		{059CE364-99A7-49F5-9628-17D99FEEA34B}.Release|x86.Build.0 = Release|Any CPU
		{059CE364-99A7-49F5-9628-17D99FEEA34B}.ReleaseWithDebug|Any CPU.ActiveCfg = ReleaseWithDebug|Any CPU
		{059CE364-99A7-49F5-9628-17D99FEEA34B}.ReleaseWithDebug|Any CPU.Build.0 = ReleaseWithDebug|Any CPU
		{059CE364-99A7-49F5-9628-17D99FEEA34B}.ReleaseWithDebug|x64.ActiveCfg = ReleaseWithDebug|Any CPU
		{059CE364-99A7-49F5-9628-17D99FEEA34B}.ReleaseWithDebug|x64.Build.0 = ReleaseWithDebug|Any CPU
		{059CE364-99A7-49F5-9628-17D99FEEA34B}.ReleaseWithDebug|x86.ActiveCfg = ReleaseWithDebug|Any CPU
		{059CE364-99A7-49F5-9628-17D99FEEA34B}.ReleaseWithDebug|x86.Build.0 = ReleaseWithDebug|Any CPU
		{604884CF-6075-424A-963D-529A8F99DE5E}.Debug|Any CPU.ActiveCfg = Debug|Any CPU
		{604884CF-6075-424A-963D-529A8F99DE5E}.Debug|Any CPU.Build.0 = Debug|Any CPU
		{604884CF-6075-424A-963D-529A8F99DE5E}.Debug|x64.ActiveCfg = Debug|Any CPU
		{604884CF-6075-424A-963D-529A8F99DE5E}.Debug|x64.Build.0 = Debug|Any CPU
		{604884CF-6075-424A-963D-529A8F99DE5E}.Debug|x86.ActiveCfg = Debug|Any CPU
		{604884CF-6075-424A-963D-529A8F99DE5E}.Debug|x86.Build.0 = Debug|Any CPU
		{604884CF-6075-424A-963D-529A8F99DE5E}.Release|Any CPU.ActiveCfg = Release|Any CPU
		{604884CF-6075-424A-963D-529A8F99DE5E}.Release|Any CPU.Build.0 = Release|Any CPU
		{604884CF-6075-424A-963D-529A8F99DE5E}.Release|x64.ActiveCfg = Release|Any CPU
		{604884CF-6075-424A-963D-529A8F99DE5E}.Release|x64.Build.0 = Release|Any CPU
		{604884CF-6075-424A-963D-529A8F99DE5E}.Release|x86.ActiveCfg = Release|Any CPU
		{604884CF-6075-424A-963D-529A8F99DE5E}.Release|x86.Build.0 = Release|Any CPU
		{604884CF-6075-424A-963D-529A8F99DE5E}.ReleaseWithDebug|Any CPU.ActiveCfg = Release|Any CPU
		{604884CF-6075-424A-963D-529A8F99DE5E}.ReleaseWithDebug|Any CPU.Build.0 = Release|Any CPU
		{604884CF-6075-424A-963D-529A8F99DE5E}.ReleaseWithDebug|x64.ActiveCfg = Release|Any CPU
		{604884CF-6075-424A-963D-529A8F99DE5E}.ReleaseWithDebug|x64.Build.0 = Release|Any CPU
		{604884CF-6075-424A-963D-529A8F99DE5E}.ReleaseWithDebug|x86.ActiveCfg = Release|Any CPU
		{604884CF-6075-424A-963D-529A8F99DE5E}.ReleaseWithDebug|x86.Build.0 = Release|Any CPU
		{150F19D7-6613-45F6-B6C8-DD6B437A8B06}.Debug|Any CPU.ActiveCfg = Debug|Any CPU
		{150F19D7-6613-45F6-B6C8-DD6B437A8B06}.Debug|Any CPU.Build.0 = Debug|Any CPU
		{150F19D7-6613-45F6-B6C8-DD6B437A8B06}.Debug|x64.ActiveCfg = Debug|Any CPU
		{150F19D7-6613-45F6-B6C8-DD6B437A8B06}.Debug|x64.Build.0 = Debug|Any CPU
		{150F19D7-6613-45F6-B6C8-DD6B437A8B06}.Debug|x86.ActiveCfg = Debug|Any CPU
		{150F19D7-6613-45F6-B6C8-DD6B437A8B06}.Debug|x86.Build.0 = Debug|Any CPU
		{150F19D7-6613-45F6-B6C8-DD6B437A8B06}.Release|Any CPU.ActiveCfg = Release|Any CPU
		{150F19D7-6613-45F6-B6C8-DD6B437A8B06}.Release|Any CPU.Build.0 = Release|Any CPU
		{150F19D7-6613-45F6-B6C8-DD6B437A8B06}.Release|x64.ActiveCfg = Release|Any CPU
		{150F19D7-6613-45F6-B6C8-DD6B437A8B06}.Release|x64.Build.0 = Release|Any CPU
		{150F19D7-6613-45F6-B6C8-DD6B437A8B06}.Release|x86.ActiveCfg = Release|Any CPU
		{150F19D7-6613-45F6-B6C8-DD6B437A8B06}.Release|x86.Build.0 = Release|Any CPU
		{150F19D7-6613-45F6-B6C8-DD6B437A8B06}.ReleaseWithDebug|Any CPU.ActiveCfg = ReleaseWithDebug|Any CPU
		{150F19D7-6613-45F6-B6C8-DD6B437A8B06}.ReleaseWithDebug|Any CPU.Build.0 = ReleaseWithDebug|Any CPU
		{150F19D7-6613-45F6-B6C8-DD6B437A8B06}.ReleaseWithDebug|x64.ActiveCfg = ReleaseWithDebug|Any CPU
		{150F19D7-6613-45F6-B6C8-DD6B437A8B06}.ReleaseWithDebug|x64.Build.0 = ReleaseWithDebug|Any CPU
		{150F19D7-6613-45F6-B6C8-DD6B437A8B06}.ReleaseWithDebug|x86.ActiveCfg = ReleaseWithDebug|Any CPU
		{150F19D7-6613-45F6-B6C8-DD6B437A8B06}.ReleaseWithDebug|x86.Build.0 = ReleaseWithDebug|Any CPU
		{B3426C1E-8ECD-46B2-A77F-58E8FB59D39C}.Debug|Any CPU.ActiveCfg = Debug|Any CPU
		{B3426C1E-8ECD-46B2-A77F-58E8FB59D39C}.Debug|Any CPU.Build.0 = Debug|Any CPU
		{B3426C1E-8ECD-46B2-A77F-58E8FB59D39C}.Debug|x64.ActiveCfg = Debug|Any CPU
		{B3426C1E-8ECD-46B2-A77F-58E8FB59D39C}.Debug|x64.Build.0 = Debug|Any CPU
		{B3426C1E-8ECD-46B2-A77F-58E8FB59D39C}.Debug|x86.ActiveCfg = Debug|Any CPU
		{B3426C1E-8ECD-46B2-A77F-58E8FB59D39C}.Debug|x86.Build.0 = Debug|Any CPU
		{B3426C1E-8ECD-46B2-A77F-58E8FB59D39C}.Release|Any CPU.ActiveCfg = Release|Any CPU
		{B3426C1E-8ECD-46B2-A77F-58E8FB59D39C}.Release|Any CPU.Build.0 = Release|Any CPU
		{B3426C1E-8ECD-46B2-A77F-58E8FB59D39C}.Release|x64.ActiveCfg = Release|Any CPU
		{B3426C1E-8ECD-46B2-A77F-58E8FB59D39C}.Release|x64.Build.0 = Release|Any CPU
		{B3426C1E-8ECD-46B2-A77F-58E8FB59D39C}.Release|x86.ActiveCfg = Release|Any CPU
		{B3426C1E-8ECD-46B2-A77F-58E8FB59D39C}.Release|x86.Build.0 = Release|Any CPU
		{B3426C1E-8ECD-46B2-A77F-58E8FB59D39C}.ReleaseWithDebug|Any CPU.ActiveCfg = ReleaseWithDebug|Any CPU
		{B3426C1E-8ECD-46B2-A77F-58E8FB59D39C}.ReleaseWithDebug|Any CPU.Build.0 = ReleaseWithDebug|Any CPU
		{B3426C1E-8ECD-46B2-A77F-58E8FB59D39C}.ReleaseWithDebug|x64.ActiveCfg = ReleaseWithDebug|Any CPU
		{B3426C1E-8ECD-46B2-A77F-58E8FB59D39C}.ReleaseWithDebug|x64.Build.0 = ReleaseWithDebug|Any CPU
		{B3426C1E-8ECD-46B2-A77F-58E8FB59D39C}.ReleaseWithDebug|x86.ActiveCfg = ReleaseWithDebug|Any CPU
		{B3426C1E-8ECD-46B2-A77F-58E8FB59D39C}.ReleaseWithDebug|x86.Build.0 = ReleaseWithDebug|Any CPU
		{66732751-673C-4D18-BA1B-D0060C4AA41F}.Debug|Any CPU.ActiveCfg = Debug|Any CPU
		{66732751-673C-4D18-BA1B-D0060C4AA41F}.Debug|Any CPU.Build.0 = Debug|Any CPU
		{66732751-673C-4D18-BA1B-D0060C4AA41F}.Debug|x64.ActiveCfg = Debug|Any CPU
		{66732751-673C-4D18-BA1B-D0060C4AA41F}.Debug|x64.Build.0 = Debug|Any CPU
		{66732751-673C-4D18-BA1B-D0060C4AA41F}.Debug|x86.ActiveCfg = Debug|Any CPU
		{66732751-673C-4D18-BA1B-D0060C4AA41F}.Debug|x86.Build.0 = Debug|Any CPU
		{66732751-673C-4D18-BA1B-D0060C4AA41F}.Release|Any CPU.ActiveCfg = Release|Any CPU
		{66732751-673C-4D18-BA1B-D0060C4AA41F}.Release|Any CPU.Build.0 = Release|Any CPU
		{66732751-673C-4D18-BA1B-D0060C4AA41F}.Release|x64.ActiveCfg = Release|Any CPU
		{66732751-673C-4D18-BA1B-D0060C4AA41F}.Release|x64.Build.0 = Release|Any CPU
		{66732751-673C-4D18-BA1B-D0060C4AA41F}.Release|x86.ActiveCfg = Release|Any CPU
		{66732751-673C-4D18-BA1B-D0060C4AA41F}.Release|x86.Build.0 = Release|Any CPU
		{66732751-673C-4D18-BA1B-D0060C4AA41F}.ReleaseWithDebug|Any CPU.ActiveCfg = ReleaseWithDebug|Any CPU
		{66732751-673C-4D18-BA1B-D0060C4AA41F}.ReleaseWithDebug|Any CPU.Build.0 = ReleaseWithDebug|Any CPU
		{66732751-673C-4D18-BA1B-D0060C4AA41F}.ReleaseWithDebug|x64.ActiveCfg = ReleaseWithDebug|Any CPU
		{66732751-673C-4D18-BA1B-D0060C4AA41F}.ReleaseWithDebug|x64.Build.0 = ReleaseWithDebug|Any CPU
		{66732751-673C-4D18-BA1B-D0060C4AA41F}.ReleaseWithDebug|x86.ActiveCfg = ReleaseWithDebug|Any CPU
		{66732751-673C-4D18-BA1B-D0060C4AA41F}.ReleaseWithDebug|x86.Build.0 = ReleaseWithDebug|Any CPU
		{DB62F88C-B897-424A-9328-A362F1F8F49D}.Debug|Any CPU.ActiveCfg = Debug|Any CPU
		{DB62F88C-B897-424A-9328-A362F1F8F49D}.Debug|Any CPU.Build.0 = Debug|Any CPU
		{DB62F88C-B897-424A-9328-A362F1F8F49D}.Debug|x64.ActiveCfg = Debug|Any CPU
		{DB62F88C-B897-424A-9328-A362F1F8F49D}.Debug|x64.Build.0 = Debug|Any CPU
		{DB62F88C-B897-424A-9328-A362F1F8F49D}.Debug|x86.ActiveCfg = Debug|Any CPU
		{DB62F88C-B897-424A-9328-A362F1F8F49D}.Debug|x86.Build.0 = Debug|Any CPU
		{DB62F88C-B897-424A-9328-A362F1F8F49D}.Release|Any CPU.ActiveCfg = Release|Any CPU
		{DB62F88C-B897-424A-9328-A362F1F8F49D}.Release|Any CPU.Build.0 = Release|Any CPU
		{DB62F88C-B897-424A-9328-A362F1F8F49D}.Release|x64.ActiveCfg = Release|Any CPU
		{DB62F88C-B897-424A-9328-A362F1F8F49D}.Release|x64.Build.0 = Release|Any CPU
		{DB62F88C-B897-424A-9328-A362F1F8F49D}.Release|x86.ActiveCfg = Release|Any CPU
		{DB62F88C-B897-424A-9328-A362F1F8F49D}.Release|x86.Build.0 = Release|Any CPU
		{DB62F88C-B897-424A-9328-A362F1F8F49D}.ReleaseWithDebug|Any CPU.ActiveCfg = Release|Any CPU
		{DB62F88C-B897-424A-9328-A362F1F8F49D}.ReleaseWithDebug|Any CPU.Build.0 = Release|Any CPU
		{DB62F88C-B897-424A-9328-A362F1F8F49D}.ReleaseWithDebug|x64.ActiveCfg = Release|Any CPU
		{DB62F88C-B897-424A-9328-A362F1F8F49D}.ReleaseWithDebug|x64.Build.0 = Release|Any CPU
		{DB62F88C-B897-424A-9328-A362F1F8F49D}.ReleaseWithDebug|x86.ActiveCfg = Release|Any CPU
		{DB62F88C-B897-424A-9328-A362F1F8F49D}.ReleaseWithDebug|x86.Build.0 = Release|Any CPU
		{DDF51677-9E81-4A39-A618-E38206196E4E}.Debug|Any CPU.ActiveCfg = Debug|Any CPU
		{DDF51677-9E81-4A39-A618-E38206196E4E}.Debug|Any CPU.Build.0 = Debug|Any CPU
		{DDF51677-9E81-4A39-A618-E38206196E4E}.Debug|x64.ActiveCfg = Debug|Any CPU
		{DDF51677-9E81-4A39-A618-E38206196E4E}.Debug|x64.Build.0 = Debug|Any CPU
		{DDF51677-9E81-4A39-A618-E38206196E4E}.Debug|x86.ActiveCfg = Debug|Any CPU
		{DDF51677-9E81-4A39-A618-E38206196E4E}.Debug|x86.Build.0 = Debug|Any CPU
		{DDF51677-9E81-4A39-A618-E38206196E4E}.Release|Any CPU.ActiveCfg = Release|Any CPU
		{DDF51677-9E81-4A39-A618-E38206196E4E}.Release|Any CPU.Build.0 = Release|Any CPU
		{DDF51677-9E81-4A39-A618-E38206196E4E}.Release|x64.ActiveCfg = Release|Any CPU
		{DDF51677-9E81-4A39-A618-E38206196E4E}.Release|x64.Build.0 = Release|Any CPU
		{DDF51677-9E81-4A39-A618-E38206196E4E}.Release|x86.ActiveCfg = Release|Any CPU
		{DDF51677-9E81-4A39-A618-E38206196E4E}.Release|x86.Build.0 = Release|Any CPU
		{DDF51677-9E81-4A39-A618-E38206196E4E}.ReleaseWithDebug|Any CPU.ActiveCfg = Release|Any CPU
		{DDF51677-9E81-4A39-A618-E38206196E4E}.ReleaseWithDebug|Any CPU.Build.0 = Release|Any CPU
		{DDF51677-9E81-4A39-A618-E38206196E4E}.ReleaseWithDebug|x64.ActiveCfg = Release|Any CPU
		{DDF51677-9E81-4A39-A618-E38206196E4E}.ReleaseWithDebug|x64.Build.0 = Release|Any CPU
		{DDF51677-9E81-4A39-A618-E38206196E4E}.ReleaseWithDebug|x86.ActiveCfg = Release|Any CPU
		{DDF51677-9E81-4A39-A618-E38206196E4E}.ReleaseWithDebug|x86.Build.0 = Release|Any CPU
		{71839559-218F-4B74-9CAD-6A30E17DE489}.Debug|Any CPU.ActiveCfg = Debug|Any CPU
		{71839559-218F-4B74-9CAD-6A30E17DE489}.Debug|Any CPU.Build.0 = Debug|Any CPU
		{71839559-218F-4B74-9CAD-6A30E17DE489}.Debug|x64.ActiveCfg = Debug|Any CPU
		{71839559-218F-4B74-9CAD-6A30E17DE489}.Debug|x64.Build.0 = Debug|Any CPU
		{71839559-218F-4B74-9CAD-6A30E17DE489}.Debug|x86.ActiveCfg = Debug|Any CPU
		{71839559-218F-4B74-9CAD-6A30E17DE489}.Debug|x86.Build.0 = Debug|Any CPU
		{71839559-218F-4B74-9CAD-6A30E17DE489}.Release|Any CPU.ActiveCfg = Release|Any CPU
		{71839559-218F-4B74-9CAD-6A30E17DE489}.Release|Any CPU.Build.0 = Release|Any CPU
		{71839559-218F-4B74-9CAD-6A30E17DE489}.Release|x64.ActiveCfg = Release|Any CPU
		{71839559-218F-4B74-9CAD-6A30E17DE489}.Release|x64.Build.0 = Release|Any CPU
		{71839559-218F-4B74-9CAD-6A30E17DE489}.Release|x86.ActiveCfg = Release|Any CPU
		{71839559-218F-4B74-9CAD-6A30E17DE489}.Release|x86.Build.0 = Release|Any CPU
		{71839559-218F-4B74-9CAD-6A30E17DE489}.ReleaseWithDebug|Any CPU.ActiveCfg = Release|Any CPU
		{71839559-218F-4B74-9CAD-6A30E17DE489}.ReleaseWithDebug|Any CPU.Build.0 = Release|Any CPU
		{71839559-218F-4B74-9CAD-6A30E17DE489}.ReleaseWithDebug|x64.ActiveCfg = Release|Any CPU
		{71839559-218F-4B74-9CAD-6A30E17DE489}.ReleaseWithDebug|x64.Build.0 = Release|Any CPU
		{71839559-218F-4B74-9CAD-6A30E17DE489}.ReleaseWithDebug|x86.ActiveCfg = Release|Any CPU
		{71839559-218F-4B74-9CAD-6A30E17DE489}.ReleaseWithDebug|x86.Build.0 = Release|Any CPU
	EndGlobalSection
	GlobalSection(SolutionProperties) = preSolution
		HideSolutionNode = FALSE
	EndGlobalSection
	GlobalSection(NestedProjects) = preSolution
		{F9BBAA93-ED09-493B-91E5-AA8DE807267B} = {02EA681E-C7D8-13C7-8484-4AC65E1B71E8}
		{F07871A8-A87F-463A-83C5-9A46A6B2031F} = {02EA681E-C7D8-13C7-8484-4AC65E1B71E8}
		{5E80628A-AF89-4884-A16E-5521C70A13C9} = {02EA681E-C7D8-13C7-8484-4AC65E1B71E8}
		{B6D0913B-F820-4931-A57B-32743DBFF155} = {9290F94F-B0DB-4EE2-BCED-7E32E6D2740A}
		{B09C69CA-E5FA-48C7-BEC6-AE0ED906404A} = {9290F94F-B0DB-4EE2-BCED-7E32E6D2740A}
		{D9553348-8777-4FED-BA94-554F89787A22} = {9290F94F-B0DB-4EE2-BCED-7E32E6D2740A}
		{572F9968-335F-4076-BFA5-6AD981F19D54} = {9290F94F-B0DB-4EE2-BCED-7E32E6D2740A}
		{656E6C57-B883-4A4A-B11A-A62BA4A1965B} = {572F9968-335F-4076-BFA5-6AD981F19D54}
		{2C84F31E-200D-428C-864A-F1E334B0F819} = {02EA681E-C7D8-13C7-8484-4AC65E1B71E8}
		{9064F627-FD3C-4581-9E5D-5D05C223573D} = {02EA681E-C7D8-13C7-8484-4AC65E1B71E8}
		{059CE364-99A7-49F5-9628-17D99FEEA34B} = {02EA681E-C7D8-13C7-8484-4AC65E1B71E8}
		{604884CF-6075-424A-963D-529A8F99DE5E} = {9CB9E828-6EEA-4177-AA11-88B60AE15630}
		{150F19D7-6613-45F6-B6C8-DD6B437A8B06} = {9290F94F-B0DB-4EE2-BCED-7E32E6D2740A}
		{B3426C1E-8ECD-46B2-A77F-58E8FB59D39C} = {9290F94F-B0DB-4EE2-BCED-7E32E6D2740A}
		{66732751-673C-4D18-BA1B-D0060C4AA41F} = {EE3D4E29-B9A4-4A2A-91DD-A77878A3D28B}
		{C5724CE0-D4B9-4DE3-B6CB-04EBFBFAA7C5} = {02EA681E-C7D8-13C7-8484-4AC65E1B71E8}
		{DB62F88C-B897-424A-9328-A362F1F8F49D} = {C5724CE0-D4B9-4DE3-B6CB-04EBFBFAA7C5}
		{DDF51677-9E81-4A39-A618-E38206196E4E} = {02EA681E-C7D8-13C7-8484-4AC65E1B71E8}
		{71839559-218F-4B74-9CAD-6A30E17DE489} = {02EA681E-C7D8-13C7-8484-4AC65E1B71E8}
	EndGlobalSection
	GlobalSection(ExtensibilityGlobals) = postSolution
		SolutionGuid = {163DD1B0-7A37-4D0E-9F49-50703AE7E83C}
	EndGlobalSection
EndGlobal
